%{"cowboy": {:git, "git://github.com/extend/cowboy.git", "4769412daaff2be53cb7d7391d0a196acb6346c3", []},
  "cowlib": {:git, "git://github.com/extend/cowlib.git", "2f35af5b0a67f591dde5ae4305a9587988a37c0c", [ref: "0.1.0"]},
  "dynamo": {:git, "git://github.com/elixir-lang/dynamo.git", "3c28f27603a480d2755a89aba3a91e88df3469ce", []},
  "exactor": {:git, "git://github.com/sasa1977/exactor.git", "3b7e81b493362d4356d25b1c22c7da8fdc8a0c2c", []},
  "exfirebase": {:git, "git://github.com/parroty/exfirebase.git", "b0eebdeeb8c17ed2b0605bbde43aedd977453e20", []},
  "httpotion": {:git, "git://github.com/myfreeweb/httpotion.git", "e482c4fa0016049c7738dec7261b7b3b6659b3cc", []},
  "ibrowse": {:git, "git://github.com/cmullaparthi/ibrowse.git", "866b0ff5aca229f1ef53653eabc8ed1720c13cd6", [ref: "866b0ff5aca229f1ef53653eabc8ed1720c13cd6"]},
  "jsex": {:package, "2.0.0"},
  "json": {:git, "git://github.com/cblage/elixir-json.git", "a50642c957a017fdcff4b06337b211f85bc8f653", []},
  "jsx": {:package, "2.0.3"},
  "mime": {:git, "git://github.com/dynamo/mime.git", "a13f7b071fdc6146c162300c9ab5025f1c23e98b", []},
  "mimetypes": {:git, "git://github.com/spawngrid/mimetypes.git", "47d37a977a7d633199822bf6b08353007483d00f", []},
  "ranch": {:git, "git://github.com/extend/ranch.git", "41705752ffc7e3ecb96eef8374015ead4ca7f699", [ref: "0.8.5"]}}
