[ "cowboy": {:git, "git://github.com/extend/cowboy.git", "4769412daaff2be53cb7d7391d0a196acb6346c3", []},
  "cowlib": {:git, "git://github.com/extend/cowlib.git", "2f35af5b0a67f591dde5ae4305a9587988a37c0c", [{:ref, "0.1.0"}]},
  "dynamo": {:git, "git://github.com/elixir-lang/dynamo.git", "329744215acc43b8aa508e6313eb61588a13ecaf", []},
  "exactor": {:git, "git://github.com/sasa1977/exactor.git", "3b7e81b493362d4356d25b1c22c7da8fdc8a0c2c", []},
  "exfirebase": {:git, "git://github.com/parroty/exfirebase.git", "7c80ed4a68452f75ce8051e29733f06db8fd9206", []},
  "httpotion": {:git, "git://github.com/parroty/httpotion.git", "acd2322822eae7652ad4a1aeb82c67d903a198e3", []},
  "ibrowse": {:git, "git://github.com/cmullaparthi/ibrowse.git", "866b0ff5aca229f1ef53653eabc8ed1720c13cd6", [{:ref, "866b0ff5aca229f1ef53653eabc8ed1720c13cd6"}]},
  "json": {:git, "git://github.com/cblage/elixir-json.git", "9bac6d4767170bc71b91b8548d8dc8eb19fa938a", []},
  "mimetypes": {:git, "git://github.com/spawngrid/mimetypes.git", "47d37a977a7d633199822bf6b08353007483d00f", []},
  "ranch": {:git, "git://github.com/extend/ranch.git", "41705752ffc7e3ecb96eef8374015ead4ca7f699", [{:ref, "0.8.5"}]} ]
